
Microsoft Visual Studio Solution File, Format Version 12.00
# Visual Studio Version 17
VisualStudioVersion = 17.11.35312.102
MinimumVisualStudioVersion = 10.0.40219.1
Project("{FAE04EC0-301F-11D3-BF4B-00C04F79EFBC}") = "LC_Assessment_Todo", "LC_Assessment_Todo\LC_Assessment_Todo.csproj", "{AF841864-BCD4-4F21-81E6-7CF5A9DA0EC3}"
EndProject
Global
	GlobalSection(SolutionConfigurationPlatforms) = preSolution
		Debug|Any CPU = Debug|Any CPU
		Release|Any CPU = Release|Any CPU
	EndGlobalSection
	GlobalSection(ProjectConfigurationPlatforms) = postSolution
		{AF841864-BCD4-4F21-81E6-7CF5A9DA0EC3}.Debug|Any CPU.ActiveCfg = Debug|Any CPU
		{AF841864-BCD4-4F21-81E6-7CF5A9DA0EC3}.Debug|Any CPU.Build.0 = Debug|Any CPU
		{AF841864-BCD4-4F21-81E6-7CF5A9DA0EC3}.Release|Any CPU.ActiveCfg = Release|Any CPU
		{AF841864-BCD4-4F21-81E6-7CF5A9DA0EC3}.Release|Any CPU.Build.0 = Release|Any CPU
	EndGlobalSection
	GlobalSection(SolutionProperties) = preSolution
		HideSolutionNode = FALSE
	EndGlobalSection
	GlobalSection(ExtensibilityGlobals) = postSolution
		SolutionGuid = {DF36D62A-55A3-47DC-9184-DAB0B88DEF48}
	EndGlobalSection
EndGlobal
